
Microsoft Visual Studio Solution File, Format Version 12.00
# Visual Studio 15
VisualStudioVersion = 15.0.27703.2047
MinimumVisualStudioVersion = 10.0.40219.1
Project("{8BC9CEB8-8B4A-11D0-8D11-00A0C91BC942}") = "RayTracingOpenCL", "RayTracingOpenCL.vcxproj", "{0EC34875-6A6D-4149-B4DF-EB1D673FD457}"
EndProject
Global
	GlobalSection(SolutionConfigurationPlatforms) = preSolution
		Debug|x64 = Debug|x64
		Debug|x86 = Debug|x86
		Release|x64 = Release|x64
		Release|x86 = Release|x86
	EndGlobalSection
	GlobalSection(ProjectConfigurationPlatforms) = postSolution
		{0EC34875-6A6D-4149-B4DF-EB1D673FD457}.Debug|x64.ActiveCfg = Debug|x64
		{0EC34875-6A6D-4149-B4DF-EB1D673FD457}.Debug|x64.Build.0 = Debug|x64
		{0EC34875-6A6D-4149-B4DF-EB1D673FD457}.Debug|x86.ActiveCfg = Debug|Win32
		{0EC34875-6A6D-4149-B4DF-EB1D673FD457}.Debug|x86.Build.0 = Debug|Win32
		{0EC34875-6A6D-4149-B4DF-EB1D673FD457}.Release|x64.ActiveCfg = Release|x64
		{0EC34875-6A6D-4149-B4DF-EB1D673FD457}.Release|x64.Build.0 = Release|x64
		{0EC34875-6A6D-4149-B4DF-EB1D673FD457}.Release|x86.ActiveCfg = Release|Win32
		{0EC34875-6A6D-4149-B4DF-EB1D673FD457}.Release|x86.Build.0 = Release|Win32
	EndGlobalSection
	GlobalSection(SolutionProperties) = preSolution
		HideSolutionNode = FALSE
	EndGlobalSection
	GlobalSection(ExtensibilityGlobals) = postSolution
		SolutionGuid = {36D3CAF6-91D2-4147-B42E-A0692EC5FCD2}
	EndGlobalSection
EndGlobal
